
Microsoft Visual Studio Solution File, Format Version 12.00
# Visual Studio Version 17
VisualStudioVersion = 17.8.34601.278
MinimumVisualStudioVersion = 10.0.40219.1
Project("{FAE04EC0-301F-11D3-BF4B-00C04F79EFBC}") = "API", "API\API.csproj", "{C8FE31E7-87E2-49C3-8917-E78FB1932F43}"
EndProject
Project("{FAE04EC0-301F-11D3-BF4B-00C04F79EFBC}") = "DataAccess", "DataAccess\DataAccess.csproj", "{181C0733-50A8-4C31-8CD4-5A9B5000830F}"
EndProject
Project("{2150E333-8FDC-42A3-9474-1A3956D46DE8}") = "Backend", "Backend", "{DE09144D-28A0-4078-BE7B-E23AAFD4BEB5}"
EndProject
Project("{FAE04EC0-301F-11D3-BF4B-00C04F79EFBC}") = "Shared", "Shared\Shared.csproj", "{815B4AD9-D0F8-47D8-AB80-54561DF9EEA2}"
EndProject
Project("{2150E333-8FDC-42A3-9474-1A3956D46DE8}") = "Frontend", "Frontend", "{4A71C52F-6AE9-4958-86F7-8B84D358AF3C}"
EndProject
Project("{FAE04EC0-301F-11D3-BF4B-00C04F79EFBC}") = "Client", "Client\Client.csproj", "{EE6E9421-0635-4CF2-9A9C-23A7E6CE61CF}"
EndProject
Global
	GlobalSection(SolutionConfigurationPlatforms) = preSolution
		Debug|Any CPU = Debug|Any CPU
		Release|Any CPU = Release|Any CPU
	EndGlobalSection
	GlobalSection(ProjectConfigurationPlatforms) = postSolution
		{C8FE31E7-87E2-49C3-8917-E78FB1932F43}.Debug|Any CPU.ActiveCfg = Debug|Any CPU
		{C8FE31E7-87E2-49C3-8917-E78FB1932F43}.Debug|Any CPU.Build.0 = Debug|Any CPU
		{C8FE31E7-87E2-49C3-8917-E78FB1932F43}.Release|Any CPU.ActiveCfg = Release|Any CPU
		{C8FE31E7-87E2-49C3-8917-E78FB1932F43}.Release|Any CPU.Build.0 = Release|Any CPU
		{181C0733-50A8-4C31-8CD4-5A9B5000830F}.Debug|Any CPU.ActiveCfg = Debug|Any CPU
		{181C0733-50A8-4C31-8CD4-5A9B5000830F}.Debug|Any CPU.Build.0 = Debug|Any CPU
		{181C0733-50A8-4C31-8CD4-5A9B5000830F}.Release|Any CPU.ActiveCfg = Release|Any CPU
		{181C0733-50A8-4C31-8CD4-5A9B5000830F}.Release|Any CPU.Build.0 = Release|Any CPU
		{815B4AD9-D0F8-47D8-AB80-54561DF9EEA2}.Debug|Any CPU.ActiveCfg = Debug|Any CPU
		{815B4AD9-D0F8-47D8-AB80-54561DF9EEA2}.Debug|Any CPU.Build.0 = Debug|Any CPU
		{815B4AD9-D0F8-47D8-AB80-54561DF9EEA2}.Release|Any CPU.ActiveCfg = Release|Any CPU
		{815B4AD9-D0F8-47D8-AB80-54561DF9EEA2}.Release|Any CPU.Build.0 = Release|Any CPU
		{EE6E9421-0635-4CF2-9A9C-23A7E6CE61CF}.Debug|Any CPU.ActiveCfg = Debug|Any CPU
		{EE6E9421-0635-4CF2-9A9C-23A7E6CE61CF}.Debug|Any CPU.Build.0 = Debug|Any CPU
		{EE6E9421-0635-4CF2-9A9C-23A7E6CE61CF}.Release|Any CPU.ActiveCfg = Release|Any CPU
		{EE6E9421-0635-4CF2-9A9C-23A7E6CE61CF}.Release|Any CPU.Build.0 = Release|Any CPU
	EndGlobalSection
	GlobalSection(SolutionProperties) = preSolution
		HideSolutionNode = FALSE
	EndGlobalSection
	GlobalSection(NestedProjects) = preSolution
		{C8FE31E7-87E2-49C3-8917-E78FB1932F43} = {DE09144D-28A0-4078-BE7B-E23AAFD4BEB5}
		{181C0733-50A8-4C31-8CD4-5A9B5000830F} = {DE09144D-28A0-4078-BE7B-E23AAFD4BEB5}
		{EE6E9421-0635-4CF2-9A9C-23A7E6CE61CF} = {4A71C52F-6AE9-4958-86F7-8B84D358AF3C}
	EndGlobalSection
	GlobalSection(ExtensibilityGlobals) = postSolution
		SolutionGuid = {533E52ED-A379-4A3F-BD77-384FEE59971D}
	EndGlobalSection
EndGlobal
